
Microsoft Visual Studio Solution File, Format Version 12.00
# Visual Studio Version 17
VisualStudioVersion = 17.11.35208.52
MinimumVisualStudioVersion = 10.0.40219.1
Project("{FAE04EC0-301F-11D3-BF4B-00C04F79EFBC}") = "ITI_Project", "ITI_Project\ITI_Project.csproj", "{87AE1AB6-E1EC-432F-9F9F-3F2FBD666757}"
EndProject
Global
	GlobalSection(SolutionConfigurationPlatforms) = preSolution
		Debug|Any CPU = Debug|Any CPU
		Release|Any CPU = Release|Any CPU
	EndGlobalSection
	GlobalSection(ProjectConfigurationPlatforms) = postSolution
		{87AE1AB6-E1EC-432F-9F9F-3F2FBD666757}.Debug|Any CPU.ActiveCfg = Debug|Any CPU
		{87AE1AB6-E1EC-432F-9F9F-3F2FBD666757}.Debug|Any CPU.Build.0 = Debug|Any CPU
		{87AE1AB6-E1EC-432F-9F9F-3F2FBD666757}.Release|Any CPU.ActiveCfg = Release|Any CPU
		{87AE1AB6-E1EC-432F-9F9F-3F2FBD666757}.Release|Any CPU.Build.0 = Release|Any CPU
	EndGlobalSection
	GlobalSection(SolutionProperties) = preSolution
		HideSolutionNode = FALSE
	EndGlobalSection
	GlobalSection(ExtensibilityGlobals) = postSolution
		SolutionGuid = {6CE44EEB-7CD6-4F72-AF39-30BE7E4332E4}
	EndGlobalSection
EndGlobal
